
Microsoft Visual Studio Solution File, Format Version 12.00
# Visual Studio Version 17
VisualStudioVersion = 17.7.34031.279
MinimumVisualStudioVersion = 10.0.40219.1
Project("{FAE04EC0-301F-11D3-BF4B-00C04F79EFBC}") = "MauiApp1", "MauiApp1\MauiApp1.csproj", "{8E4E15A8-5113-4256-9EF8-148B12666C4B}"
EndProject
Global
	GlobalSection(SolutionConfigurationPlatforms) = preSolution
		Debug|Any CPU = Debug|Any CPU
		Release|Any CPU = Release|Any CPU
	EndGlobalSection
	GlobalSection(ProjectConfigurationPlatforms) = postSolution
		{8E4E15A8-5113-4256-9EF8-148B12666C4B}.Debug|Any CPU.ActiveCfg = Debug|Any CPU
		{8E4E15A8-5113-4256-9EF8-148B12666C4B}.Debug|Any CPU.Build.0 = Debug|Any CPU
		{8E4E15A8-5113-4256-9EF8-148B12666C4B}.Debug|Any CPU.Deploy.0 = Debug|Any CPU
		{8E4E15A8-5113-4256-9EF8-148B12666C4B}.Release|Any CPU.ActiveCfg = Release|Any CPU
		{8E4E15A8-5113-4256-9EF8-148B12666C4B}.Release|Any CPU.Build.0 = Release|Any CPU
		{8E4E15A8-5113-4256-9EF8-148B12666C4B}.Release|Any CPU.Deploy.0 = Release|Any CPU
	EndGlobalSection
	GlobalSection(SolutionProperties) = preSolution
		HideSolutionNode = FALSE
	EndGlobalSection
	GlobalSection(ExtensibilityGlobals) = postSolution
		SolutionGuid = {886851D5-3FB3-4916-922C-AFC074B181EF}
	EndGlobalSection
EndGlobal
